webtyp.com/context v0.0.23 h1:T+lH+UteRAPD6gLH8oxW0TBr5aZlJwgfIpmnA4DdFSY=
webtyp.com/context v0.0.23/go.mod h1:SXtpX0NmsG9zoL9B2uYVPy0ZfmXl0C1zyjQkYmuz38Q=
webtyp.com/decoder v0.5.1 h1:N1dJAtxtxjmooP7yejOOoLVghflmW2NjCMRUWy0A688=
webtyp.com/decoder v0.5.1/go.mod h1:ifmsVSB+2AjPxPjZBXvF/o/3tfVS3+J0u2FrI8cLgt4=
webtyp.com/fmt v1.0.0 h1:W0vMMGC6ezg1q2LarAEaVnNvZ26hVqzZdQQH1wcNogM=
webtyp.com/fmt v1.0.0/go.mod h1:FmTxx713R45J21kbH5JOmKGaaCap3fJPA9Yl2n4Ch7U=
webtyp.com/llm v0.2.0 h1:vLSFKx2VVybbZE7hmpyjpq1G1vtMvNsBqMItVCVCSHU=
webtyp.com/llm v0.2.0/go.mod h1:UsS33kzQ1P+4KsgrLl50PT/dFxcYMQT/vOk0otI3IY4=
webtyp.com/nn v0.5.0 h1:HK8DISEJaHe65erhNOLezFrHPx7Q2HTx1G9a1WXBWs8=
webtyp.com/nn v0.5.0/go.mod h1:SefWO/kfREChwxoBVGrvuqT0iMRN89cKp4Lnq5nWAQE=
webtyp.com/tokenizer v0.4.2 h1:N0uy6SlVcV19+y+gwvDrpNq9BD5jLUAb5cnzdf3z1PA=
webtyp.com/tokenizer v0.4.2/go.mod h1:fwNrKvAZ7iDSSHTVRAHKoGlSNFH+R1nLV1MnnjGQhSk=
webtyp.com/vector v0.1.1 h1:f4PsIPz5lYrXEEhbbPUz4bfd2+i7ujVGfsZRpf/G7/4=
webtyp.com/vector v0.1.1/go.mod h1:IrRH9GrQ5Ym6DquOtuu+15W3nekNhaR8oRcdj+oDExQ=
webtyp.com/weights v0.3.0 h1:FoQpfpDI8hyaRJXMAohQZ/S7MWL7bBs38ZR/uWFkooc=
webtyp.com/weights v0.3.0/go.mod h1:KclzOcxyL4JJA9+6IqKVR6QKTIJFQCRSvBbzXQKmlnY=
